
Microsoft Visual Studio Solution File, Format Version 12.00
# Visual Studio 15
VisualStudioVersion = 15.0.28307.779
MinimumVisualStudioVersion = 10.0.40219.1
Project("{FAE04EC0-301F-11D3-BF4B-00C04F79EFBC}") = "PlayStoreProject", "PlayStoreProject\PlayStoreProject.csproj", "{22828391-0201-437F-ADB1-CEB940EFE9B0}"
EndProject
Global
	GlobalSection(SolutionConfigurationPlatforms) = preSolution
		Debug|Any CPU = Debug|Any CPU
		Release|Any CPU = Release|Any CPU
	EndGlobalSection
	GlobalSection(ProjectConfigurationPlatforms) = postSolution
		{22828391-0201-437F-ADB1-CEB940EFE9B0}.Debug|Any CPU.ActiveCfg = Debug|Any CPU
		{22828391-0201-437F-ADB1-CEB940EFE9B0}.Debug|Any CPU.Build.0 = Debug|Any CPU
		{22828391-0201-437F-ADB1-CEB940EFE9B0}.Release|Any CPU.ActiveCfg = Release|Any CPU
		{22828391-0201-437F-ADB1-CEB940EFE9B0}.Release|Any CPU.Build.0 = Release|Any CPU
	EndGlobalSection
	GlobalSection(SolutionProperties) = preSolution
		HideSolutionNode = FALSE
	EndGlobalSection
	GlobalSection(ExtensibilityGlobals) = postSolution
		SolutionGuid = {5AB34565-3AD8-4F3A-87AF-672F8A2B8624}
	EndGlobalSection
EndGlobal
